intro: >
  Twenty years in infrastructure didn't happen because I sat in front of
  computers all day. Curling rinks, dive sites, woodshops, soldering irons,
  3d printers, lake houses I'm thinking about how to wire — the rest of life
  is where the patterns come from. The same instinct that builds a sweep
  rotation on a curling sheet builds a deployment pipeline.

certified:
  - certified curling instructor
  - PADI advanced open water diver
  - AWS cloud practitioner (lapsed; re-test pending)

volunteer:
  org: DFW Curling Club
  role: Director of Communications
  period: 2022 — 2024
  body: >
    Significant work for two-plus years. Full write-up pending — Pierce will
    drop in the real paragraph. Placeholder kept short so the layout doesn't
    collapse.

elsewhere: >
  woodworking · 3d printing · arduino + esp32 · home automation · curling ·
  scuba · built environments · infrastructure design as a way of life.
