# Empty fields render nothing. Pierce will write intro + volunteer.body.
# See docs/voice-todos.md.
intro: ""

certified:
  - certified curling instructor
  - PADI advanced open water diver
  - AWS cloud practitioner (lapsed; re-test pending)

volunteer:
  org: DFW Curling Club
  role: Director of Communications
  period: 2022 — 2024
  body: ""

elsewhere: >
  woodworking · 3d printing · arduino + esp32 · home automation · curling ·
  scuba · built environments · infrastructure design as a way of life.
